
Microsoft Visual Studio Solution File, Format Version 12.00
# Visual Studio Version 17
VisualStudioVersion = 17.10.35027.167
MinimumVisualStudioVersion = 10.0.40219.1
Project("{9A19103F-16F7-4668-BE54-9A1E7A4F7556}") = "TelegramBotBeer", "TelegramBotBeer.csproj", "{56DE579C-B27E-4753-B093-019052B34E1D}"
EndProject
Project("{2150E333-8FDC-42A3-9474-1A3956D46DE8}") = "webapp", "webapp", "{F230FD9F-9D6F-4581-BF58-47C2B45B8B4E}"
EndProject
Project("{FAE04EC0-301F-11D3-BF4B-00C04F79EFBC}") = "WebAppbotbeer", "..\WebAppbotbeer\WebAppbotbeer.csproj", "{822BA866-4F6D-4E22-B1D0-F63B600EE883}"
EndProject
Project("{2150E333-8FDC-42A3-9474-1A3956D46DE8}") = "Solution Items", "Solution Items", "{4D6C476E-5824-45C1-B11D-EE901D8AD8E3}"
	ProjectSection(SolutionItems) = preProject
		.gitignore = .gitignore
		Dockerfile = Dockerfile
	EndProjectSection
EndProject
Global
	GlobalSection(SolutionConfigurationPlatforms) = preSolution
		Debug|Any CPU = Debug|Any CPU
		Release|Any CPU = Release|Any CPU
	EndGlobalSection
	GlobalSection(ProjectConfigurationPlatforms) = postSolution
		{56DE579C-B27E-4753-B093-019052B34E1D}.Debug|Any CPU.ActiveCfg = Debug|Any CPU
		{56DE579C-B27E-4753-B093-019052B34E1D}.Debug|Any CPU.Build.0 = Debug|Any CPU
		{56DE579C-B27E-4753-B093-019052B34E1D}.Release|Any CPU.ActiveCfg = Release|Any CPU
		{56DE579C-B27E-4753-B093-019052B34E1D}.Release|Any CPU.Build.0 = Release|Any CPU
		{822BA866-4F6D-4E22-B1D0-F63B600EE883}.Debug|Any CPU.ActiveCfg = Debug|Any CPU
		{822BA866-4F6D-4E22-B1D0-F63B600EE883}.Debug|Any CPU.Build.0 = Debug|Any CPU
		{822BA866-4F6D-4E22-B1D0-F63B600EE883}.Release|Any CPU.ActiveCfg = Release|Any CPU
		{822BA866-4F6D-4E22-B1D0-F63B600EE883}.Release|Any CPU.Build.0 = Release|Any CPU
	EndGlobalSection
	GlobalSection(SolutionProperties) = preSolution
		HideSolutionNode = FALSE
	EndGlobalSection
	GlobalSection(NestedProjects) = preSolution
		{822BA866-4F6D-4E22-B1D0-F63B600EE883} = {F230FD9F-9D6F-4581-BF58-47C2B45B8B4E}
	EndGlobalSection
	GlobalSection(ExtensibilityGlobals) = postSolution
		SolutionGuid = {76CD5392-1731-4037-AD50-F7F33CE79B5D}
	EndGlobalSection
EndGlobal
